
Microsoft Visual Studio Solution File, Format Version 12.00
# Visual Studio Version 16
VisualStudioVersion = 16.0.31129.286
MinimumVisualStudioVersion = 10.0.40219.1
Project("{FAE04EC0-301F-11D3-BF4B-00C04F79EFBC}") = "Lgm.Demo.WebApi", "Lgm.Demo.WebApi\Lgm.Demo.WebApi.csproj", "{B38ED2CC-B753-4219-B4C9-9495ADF7D98C}"
EndProject
Global
	GlobalSection(SolutionConfigurationPlatforms) = preSolution
		Debug|Any CPU = Debug|Any CPU
		Release|Any CPU = Release|Any CPU
	EndGlobalSection
	GlobalSection(ProjectConfigurationPlatforms) = postSolution
		{B38ED2CC-B753-4219-B4C9-9495ADF7D98C}.Debug|Any CPU.ActiveCfg = Debug|Any CPU
		{B38ED2CC-B753-4219-B4C9-9495ADF7D98C}.Debug|Any CPU.Build.0 = Debug|Any CPU
		{B38ED2CC-B753-4219-B4C9-9495ADF7D98C}.Release|Any CPU.ActiveCfg = Release|Any CPU
		{B38ED2CC-B753-4219-B4C9-9495ADF7D98C}.Release|Any CPU.Build.0 = Release|Any CPU
	EndGlobalSection
	GlobalSection(SolutionProperties) = preSolution
		HideSolutionNode = FALSE
	EndGlobalSection
	GlobalSection(ExtensibilityGlobals) = postSolution
		SolutionGuid = {698F6515-938B-478E-8403-C17A82DA44D3}
	EndGlobalSection
EndGlobal
